
Microsoft Visual Studio Solution File, Format Version 12.00
# Visual Studio Version 17
Project("{2150E333-8FDC-42A3-9474-1A3956D46DE8}") = "CMakePredefinedTargets", "CMakePredefinedTargets", "{6C16C232-13AC-348F-9776-880F330EBF99}"
EndProject
Project("{8BC9CEB8-8B4A-11D0-8D11-00A0C91BC942}") = "ALL_BUILD", "ALL_BUILD.vcxproj", "{5408ACCB-1995-348F-918D-AB410D49F749}"
	ProjectSection(ProjectDependencies) = postProject
		{467D8A60-085E-393F-8218-0BDD13519E3B} = {467D8A60-085E-393F-8218-0BDD13519E3B}
		{13897F00-4476-321E-99FD-2193E57CC811} = {13897F00-4476-321E-99FD-2193E57CC811}
	EndProjectSection
EndProject
Project("{8BC9CEB8-8B4A-11D0-8D11-00A0C91BC942}") = "FE.HeaderTool", "FE.HeaderTool.vcxproj", "{467D8A60-085E-393F-8218-0BDD13519E3B}"
	ProjectSection(ProjectDependencies) = postProject
		{13897F00-4476-321E-99FD-2193E57CC811} = {13897F00-4476-321E-99FD-2193E57CC811}
	EndProjectSection
EndProject
Project("{8BC9CEB8-8B4A-11D0-8D11-00A0C91BC942}") = "ZERO_CHECK", "ZERO_CHECK.vcxproj", "{13897F00-4476-321E-99FD-2193E57CC811}"
	ProjectSection(ProjectDependencies) = postProject
	EndProjectSection
EndProject
Global
	GlobalSection(SolutionConfigurationPlatforms) = preSolution
		Debug|x64 = Debug|x64
		RelWithDebInfo|x64 = RelWithDebInfo|x64
		Release|x64 = Release|x64
		MinSizeRel|x64 = MinSizeRel|x64
	EndGlobalSection
	GlobalSection(ProjectConfigurationPlatforms) = postSolution
		{5408ACCB-1995-348F-918D-AB410D49F749}.Debug|x64.ActiveCfg = Debug|x64
		{5408ACCB-1995-348F-918D-AB410D49F749}.RelWithDebInfo|x64.ActiveCfg = RelWithDebInfo|x64
		{5408ACCB-1995-348F-918D-AB410D49F749}.Release|x64.ActiveCfg = Release|x64
		{5408ACCB-1995-348F-918D-AB410D49F749}.MinSizeRel|x64.ActiveCfg = MinSizeRel|x64
		{467D8A60-085E-393F-8218-0BDD13519E3B}.Debug|x64.ActiveCfg = Debug|x64
		{467D8A60-085E-393F-8218-0BDD13519E3B}.Debug|x64.Build.0 = Debug|x64
		{467D8A60-085E-393F-8218-0BDD13519E3B}.RelWithDebInfo|x64.ActiveCfg = RelWithDebInfo|x64
		{467D8A60-085E-393F-8218-0BDD13519E3B}.RelWithDebInfo|x64.Build.0 = RelWithDebInfo|x64
		{467D8A60-085E-393F-8218-0BDD13519E3B}.Release|x64.ActiveCfg = Release|x64
		{467D8A60-085E-393F-8218-0BDD13519E3B}.Release|x64.Build.0 = Release|x64
		{467D8A60-085E-393F-8218-0BDD13519E3B}.MinSizeRel|x64.ActiveCfg = MinSizeRel|x64
		{467D8A60-085E-393F-8218-0BDD13519E3B}.MinSizeRel|x64.Build.0 = MinSizeRel|x64
		{13897F00-4476-321E-99FD-2193E57CC811}.Debug|x64.ActiveCfg = Debug|x64
		{13897F00-4476-321E-99FD-2193E57CC811}.Debug|x64.Build.0 = Debug|x64
		{13897F00-4476-321E-99FD-2193E57CC811}.RelWithDebInfo|x64.ActiveCfg = RelWithDebInfo|x64
		{13897F00-4476-321E-99FD-2193E57CC811}.RelWithDebInfo|x64.Build.0 = RelWithDebInfo|x64
		{13897F00-4476-321E-99FD-2193E57CC811}.Release|x64.ActiveCfg = Release|x64
		{13897F00-4476-321E-99FD-2193E57CC811}.Release|x64.Build.0 = Release|x64
		{13897F00-4476-321E-99FD-2193E57CC811}.MinSizeRel|x64.ActiveCfg = MinSizeRel|x64
		{13897F00-4476-321E-99FD-2193E57CC811}.MinSizeRel|x64.Build.0 = MinSizeRel|x64
	EndGlobalSection
	GlobalSection(NestedProjects) = preSolution
		{5408ACCB-1995-348F-918D-AB410D49F749} = {6C16C232-13AC-348F-9776-880F330EBF99}
		{13897F00-4476-321E-99FD-2193E57CC811} = {6C16C232-13AC-348F-9776-880F330EBF99}
	EndGlobalSection
	GlobalSection(ExtensibilityGlobals) = postSolution
		SolutionGuid = {0CC0ABEB-6354-3CC5-B74F-1B8BF0ED234D}
	EndGlobalSection
	GlobalSection(ExtensibilityAddIns) = postSolution
	EndGlobalSection
EndGlobal
