
Microsoft Visual Studio Solution File, Format Version 12.00
# Visual Studio Version 17
Project("{2150E333-8FDC-42A3-9474-1A3956D46DE8}") = "CMakePredefinedTargets", "CMakePredefinedTargets", "{2C5F1874-D64B-33B9-A1BC-792CFC89FB96}"
EndProject
Project("{8BC9CEB8-8B4A-11D0-8D11-00A0C91BC942}") = "ALL_BUILD", "ALL_BUILD.vcxproj", "{9F5D2796-D2A8-3655-AC10-82354466BEEE}"
	ProjectSection(ProjectDependencies) = postProject
		{0ECCDB25-7D8B-36AE-A4DB-4D89C58E4CF9} = {0ECCDB25-7D8B-36AE-A4DB-4D89C58E4CF9}
		{F9355CEA-CD65-3CAC-AA32-A9E74E2A6C45} = {F9355CEA-CD65-3CAC-AA32-A9E74E2A6C45}
		{66767935-FE1A-3858-9DD5-8B3B518A93C9} = {66767935-FE1A-3858-9DD5-8B3B518A93C9}
		{189951BA-EE5E-3402-B01A-62EDC1526719} = {189951BA-EE5E-3402-B01A-62EDC1526719}
		{88853D3B-70BE-3331-82D6-84EF57AEBDEB} = {88853D3B-70BE-3331-82D6-84EF57AEBDEB}
		{CD278076-56C6-393D-95F7-93128CAE2EF3} = {CD278076-56C6-393D-95F7-93128CAE2EF3}
		{C8B82FFA-598E-3E43-8818-59208B4AC379} = {C8B82FFA-598E-3E43-8818-59208B4AC379}
		{3A3561DD-5965-390A-ABBF-65BEB692720A} = {3A3561DD-5965-390A-ABBF-65BEB692720A}
		{D76AF676-7EC0-3D4B-B5FC-A46FDB4EDE37} = {D76AF676-7EC0-3D4B-B5FC-A46FDB4EDE37}
		{E2164501-9089-3A3E-A4C0-00415F6CB8E6} = {E2164501-9089-3A3E-A4C0-00415F6CB8E6}
		{C81717E6-623C-39F4-A1CD-753557BAE0E0} = {C81717E6-623C-39F4-A1CD-753557BAE0E0}
		{3D8730EF-42D3-3BF6-BC08-50F9AE715021} = {3D8730EF-42D3-3BF6-BC08-50F9AE715021}
		{A44C4200-792C-3EF1-A26A-05760E1A8B00} = {A44C4200-792C-3EF1-A26A-05760E1A8B00}
		{F0BA7C1F-C7A3-35B5-8ED9-5339BDE3841C} = {F0BA7C1F-C7A3-35B5-8ED9-5339BDE3841C}
		{87985D28-31B9-38AD-8C87-248C5133B575} = {87985D28-31B9-38AD-8C87-248C5133B575}
		{A80F9AFE-F47F-3C6C-A986-B75C83644144} = {A80F9AFE-F47F-3C6C-A986-B75C83644144}
	EndProjectSection
EndProject
Project("{8BC9CEB8-8B4A-11D0-8D11-00A0C91BC942}") = "FE.algorithm.math_test", "FE.algorithm.math_test.vcxproj", "{0ECCDB25-7D8B-36AE-A4DB-4D89C58E4CF9}"
	ProjectSection(ProjectDependencies) = postProject
		{A80F9AFE-F47F-3C6C-A986-B75C83644144} = {A80F9AFE-F47F-3C6C-A986-B75C83644144}
	EndProjectSection
EndProject
Project("{8BC9CEB8-8B4A-11D0-8D11-00A0C91BC942}") = "FE.algorithm.string_test", "FE.algorithm.string_test.vcxproj", "{F9355CEA-CD65-3CAC-AA32-A9E74E2A6C45}"
	ProjectSection(ProjectDependencies) = postProject
		{A80F9AFE-F47F-3C6C-A986-B75C83644144} = {A80F9AFE-F47F-3C6C-A986-B75C83644144}
	EndProjectSection
EndProject
Project("{8BC9CEB8-8B4A-11D0-8D11-00A0C91BC942}") = "FE.algorithm.utility_test", "FE.algorithm.utility_test.vcxproj", "{66767935-FE1A-3858-9DD5-8B3B518A93C9}"
	ProjectSection(ProjectDependencies) = postProject
		{A80F9AFE-F47F-3C6C-A986-B75C83644144} = {A80F9AFE-F47F-3C6C-A986-B75C83644144}
	EndProjectSection
EndProject
Project("{8BC9CEB8-8B4A-11D0-8D11-00A0C91BC942}") = "FE.containers_test", "FE.containers_test.vcxproj", "{189951BA-EE5E-3402-B01A-62EDC1526719}"
	ProjectSection(ProjectDependencies) = postProject
		{A80F9AFE-F47F-3C6C-A986-B75C83644144} = {A80F9AFE-F47F-3C6C-A986-B75C83644144}
	EndProjectSection
EndProject
Project("{8BC9CEB8-8B4A-11D0-8D11-00A0C91BC942}") = "FE.framework.predefined_main_test", "FE.framework.predefined_main\FE.framework.predefined_main_test.vcxproj", "{88853D3B-70BE-3331-82D6-84EF57AEBDEB}"
	ProjectSection(ProjectDependencies) = postProject
		{A80F9AFE-F47F-3C6C-A986-B75C83644144} = {A80F9AFE-F47F-3C6C-A986-B75C83644144}
	EndProjectSection
EndProject
Project("{8BC9CEB8-8B4A-11D0-8D11-00A0C91BC942}") = "FE.framework.reflection_test", "FE.framework.reflection\FE.framework.reflection_test.vcxproj", "{CD278076-56C6-393D-95F7-93128CAE2EF3}"
	ProjectSection(ProjectDependencies) = postProject
		{A80F9AFE-F47F-3C6C-A986-B75C83644144} = {A80F9AFE-F47F-3C6C-A986-B75C83644144}
	EndProjectSection
EndProject
Project("{8BC9CEB8-8B4A-11D0-8D11-00A0C91BC942}") = "FE.hash_test", "FE.hash_test.vcxproj", "{C8B82FFA-598E-3E43-8818-59208B4AC379}"
	ProjectSection(ProjectDependencies) = postProject
		{A80F9AFE-F47F-3C6C-A986-B75C83644144} = {A80F9AFE-F47F-3C6C-A986-B75C83644144}
	EndProjectSection
EndProject
Project("{8BC9CEB8-8B4A-11D0-8D11-00A0C91BC942}") = "FE.iterator_test", "FE.iterator_test.vcxproj", "{3A3561DD-5965-390A-ABBF-65BEB692720A}"
	ProjectSection(ProjectDependencies) = postProject
		{A80F9AFE-F47F-3C6C-A986-B75C83644144} = {A80F9AFE-F47F-3C6C-A986-B75C83644144}
	EndProjectSection
EndProject
Project("{8BC9CEB8-8B4A-11D0-8D11-00A0C91BC942}") = "FE.log_test", "FE.log_test.vcxproj", "{D76AF676-7EC0-3D4B-B5FC-A46FDB4EDE37}"
	ProjectSection(ProjectDependencies) = postProject
		{A80F9AFE-F47F-3C6C-A986-B75C83644144} = {A80F9AFE-F47F-3C6C-A986-B75C83644144}
	EndProjectSection
EndProject
Project("{8BC9CEB8-8B4A-11D0-8D11-00A0C91BC942}") = "FE.managed_test", "FE.managed_test.vcxproj", "{E2164501-9089-3A3E-A4C0-00415F6CB8E6}"
	ProjectSection(ProjectDependencies) = postProject
		{A80F9AFE-F47F-3C6C-A986-B75C83644144} = {A80F9AFE-F47F-3C6C-A986-B75C83644144}
	EndProjectSection
EndProject
Project("{8BC9CEB8-8B4A-11D0-8D11-00A0C91BC942}") = "FE.memory_test", "FE.memory_test.vcxproj", "{C81717E6-623C-39F4-A1CD-753557BAE0E0}"
	ProjectSection(ProjectDependencies) = postProject
		{A80F9AFE-F47F-3C6C-A986-B75C83644144} = {A80F9AFE-F47F-3C6C-A986-B75C83644144}
	EndProjectSection
EndProject
Project("{8BC9CEB8-8B4A-11D0-8D11-00A0C91BC942}") = "FE.pool_test", "FE.pool_test.vcxproj", "{3D8730EF-42D3-3BF6-BC08-50F9AE715021}"
	ProjectSection(ProjectDependencies) = postProject
		{A80F9AFE-F47F-3C6C-A986-B75C83644144} = {A80F9AFE-F47F-3C6C-A986-B75C83644144}
	EndProjectSection
EndProject
Project("{8BC9CEB8-8B4A-11D0-8D11-00A0C91BC942}") = "FE.string_test", "FE.string_test.vcxproj", "{A44C4200-792C-3EF1-A26A-05760E1A8B00}"
	ProjectSection(ProjectDependencies) = postProject
		{A80F9AFE-F47F-3C6C-A986-B75C83644144} = {A80F9AFE-F47F-3C6C-A986-B75C83644144}
	EndProjectSection
EndProject
Project("{8BC9CEB8-8B4A-11D0-8D11-00A0C91BC942}") = "FE.string_view_test", "FE.string_view_test.vcxproj", "{F0BA7C1F-C7A3-35B5-8ED9-5339BDE3841C}"
	ProjectSection(ProjectDependencies) = postProject
		{A80F9AFE-F47F-3C6C-A986-B75C83644144} = {A80F9AFE-F47F-3C6C-A986-B75C83644144}
	EndProjectSection
EndProject
Project("{8BC9CEB8-8B4A-11D0-8D11-00A0C91BC942}") = "FE.task_test", "FE.task_test.vcxproj", "{87985D28-31B9-38AD-8C87-248C5133B575}"
	ProjectSection(ProjectDependencies) = postProject
		{A80F9AFE-F47F-3C6C-A986-B75C83644144} = {A80F9AFE-F47F-3C6C-A986-B75C83644144}
	EndProjectSection
EndProject
Project("{8BC9CEB8-8B4A-11D0-8D11-00A0C91BC942}") = "ZERO_CHECK", "ZERO_CHECK.vcxproj", "{A80F9AFE-F47F-3C6C-A986-B75C83644144}"
	ProjectSection(ProjectDependencies) = postProject
	EndProjectSection
EndProject
Global
	GlobalSection(SolutionConfigurationPlatforms) = preSolution
		Debug|x64 = Debug|x64
		RelWithDebInfo|x64 = RelWithDebInfo|x64
		Release|x64 = Release|x64
		MinSizeRel|x64 = MinSizeRel|x64
	EndGlobalSection
	GlobalSection(ProjectConfigurationPlatforms) = postSolution
		{9F5D2796-D2A8-3655-AC10-82354466BEEE}.Debug|x64.ActiveCfg = Debug|x64
		{9F5D2796-D2A8-3655-AC10-82354466BEEE}.RelWithDebInfo|x64.ActiveCfg = RelWithDebInfo|x64
		{9F5D2796-D2A8-3655-AC10-82354466BEEE}.Release|x64.ActiveCfg = Release|x64
		{9F5D2796-D2A8-3655-AC10-82354466BEEE}.MinSizeRel|x64.ActiveCfg = MinSizeRel|x64
		{0ECCDB25-7D8B-36AE-A4DB-4D89C58E4CF9}.Debug|x64.ActiveCfg = Debug|x64
		{0ECCDB25-7D8B-36AE-A4DB-4D89C58E4CF9}.Debug|x64.Build.0 = Debug|x64
		{0ECCDB25-7D8B-36AE-A4DB-4D89C58E4CF9}.RelWithDebInfo|x64.ActiveCfg = RelWithDebInfo|x64
		{0ECCDB25-7D8B-36AE-A4DB-4D89C58E4CF9}.RelWithDebInfo|x64.Build.0 = RelWithDebInfo|x64
		{0ECCDB25-7D8B-36AE-A4DB-4D89C58E4CF9}.Release|x64.ActiveCfg = Release|x64
		{0ECCDB25-7D8B-36AE-A4DB-4D89C58E4CF9}.Release|x64.Build.0 = Release|x64
		{0ECCDB25-7D8B-36AE-A4DB-4D89C58E4CF9}.MinSizeRel|x64.ActiveCfg = MinSizeRel|x64
		{0ECCDB25-7D8B-36AE-A4DB-4D89C58E4CF9}.MinSizeRel|x64.Build.0 = MinSizeRel|x64
		{F9355CEA-CD65-3CAC-AA32-A9E74E2A6C45}.Debug|x64.ActiveCfg = Debug|x64
		{F9355CEA-CD65-3CAC-AA32-A9E74E2A6C45}.Debug|x64.Build.0 = Debug|x64
		{F9355CEA-CD65-3CAC-AA32-A9E74E2A6C45}.RelWithDebInfo|x64.ActiveCfg = RelWithDebInfo|x64
		{F9355CEA-CD65-3CAC-AA32-A9E74E2A6C45}.RelWithDebInfo|x64.Build.0 = RelWithDebInfo|x64
		{F9355CEA-CD65-3CAC-AA32-A9E74E2A6C45}.Release|x64.ActiveCfg = Release|x64
		{F9355CEA-CD65-3CAC-AA32-A9E74E2A6C45}.Release|x64.Build.0 = Release|x64
		{F9355CEA-CD65-3CAC-AA32-A9E74E2A6C45}.MinSizeRel|x64.ActiveCfg = MinSizeRel|x64
		{F9355CEA-CD65-3CAC-AA32-A9E74E2A6C45}.MinSizeRel|x64.Build.0 = MinSizeRel|x64
		{66767935-FE1A-3858-9DD5-8B3B518A93C9}.Debug|x64.ActiveCfg = Debug|x64
		{66767935-FE1A-3858-9DD5-8B3B518A93C9}.Debug|x64.Build.0 = Debug|x64
		{66767935-FE1A-3858-9DD5-8B3B518A93C9}.RelWithDebInfo|x64.ActiveCfg = RelWithDebInfo|x64
		{66767935-FE1A-3858-9DD5-8B3B518A93C9}.RelWithDebInfo|x64.Build.0 = RelWithDebInfo|x64
		{66767935-FE1A-3858-9DD5-8B3B518A93C9}.Release|x64.ActiveCfg = Release|x64
		{66767935-FE1A-3858-9DD5-8B3B518A93C9}.Release|x64.Build.0 = Release|x64
		{66767935-FE1A-3858-9DD5-8B3B518A93C9}.MinSizeRel|x64.ActiveCfg = MinSizeRel|x64
		{66767935-FE1A-3858-9DD5-8B3B518A93C9}.MinSizeRel|x64.Build.0 = MinSizeRel|x64
		{189951BA-EE5E-3402-B01A-62EDC1526719}.Debug|x64.ActiveCfg = Debug|x64
		{189951BA-EE5E-3402-B01A-62EDC1526719}.Debug|x64.Build.0 = Debug|x64
		{189951BA-EE5E-3402-B01A-62EDC1526719}.RelWithDebInfo|x64.ActiveCfg = RelWithDebInfo|x64
		{189951BA-EE5E-3402-B01A-62EDC1526719}.RelWithDebInfo|x64.Build.0 = RelWithDebInfo|x64
		{189951BA-EE5E-3402-B01A-62EDC1526719}.Release|x64.ActiveCfg = Release|x64
		{189951BA-EE5E-3402-B01A-62EDC1526719}.Release|x64.Build.0 = Release|x64
		{189951BA-EE5E-3402-B01A-62EDC1526719}.MinSizeRel|x64.ActiveCfg = MinSizeRel|x64
		{189951BA-EE5E-3402-B01A-62EDC1526719}.MinSizeRel|x64.Build.0 = MinSizeRel|x64
		{88853D3B-70BE-3331-82D6-84EF57AEBDEB}.Debug|x64.ActiveCfg = Debug|x64
		{88853D3B-70BE-3331-82D6-84EF57AEBDEB}.Debug|x64.Build.0 = Debug|x64
		{88853D3B-70BE-3331-82D6-84EF57AEBDEB}.RelWithDebInfo|x64.ActiveCfg = RelWithDebInfo|x64
		{88853D3B-70BE-3331-82D6-84EF57AEBDEB}.RelWithDebInfo|x64.Build.0 = RelWithDebInfo|x64
		{88853D3B-70BE-3331-82D6-84EF57AEBDEB}.Release|x64.ActiveCfg = Release|x64
		{88853D3B-70BE-3331-82D6-84EF57AEBDEB}.Release|x64.Build.0 = Release|x64
		{88853D3B-70BE-3331-82D6-84EF57AEBDEB}.MinSizeRel|x64.ActiveCfg = MinSizeRel|x64
		{88853D3B-70BE-3331-82D6-84EF57AEBDEB}.MinSizeRel|x64.Build.0 = MinSizeRel|x64
		{CD278076-56C6-393D-95F7-93128CAE2EF3}.Debug|x64.ActiveCfg = Debug|x64
		{CD278076-56C6-393D-95F7-93128CAE2EF3}.Debug|x64.Build.0 = Debug|x64
		{CD278076-56C6-393D-95F7-93128CAE2EF3}.RelWithDebInfo|x64.ActiveCfg = RelWithDebInfo|x64
		{CD278076-56C6-393D-95F7-93128CAE2EF3}.RelWithDebInfo|x64.Build.0 = RelWithDebInfo|x64
		{CD278076-56C6-393D-95F7-93128CAE2EF3}.Release|x64.ActiveCfg = Release|x64
		{CD278076-56C6-393D-95F7-93128CAE2EF3}.Release|x64.Build.0 = Release|x64
		{CD278076-56C6-393D-95F7-93128CAE2EF3}.MinSizeRel|x64.ActiveCfg = MinSizeRel|x64
		{CD278076-56C6-393D-95F7-93128CAE2EF3}.MinSizeRel|x64.Build.0 = MinSizeRel|x64
		{C8B82FFA-598E-3E43-8818-59208B4AC379}.Debug|x64.ActiveCfg = Debug|x64
		{C8B82FFA-598E-3E43-8818-59208B4AC379}.Debug|x64.Build.0 = Debug|x64
		{C8B82FFA-598E-3E43-8818-59208B4AC379}.RelWithDebInfo|x64.ActiveCfg = RelWithDebInfo|x64
		{C8B82FFA-598E-3E43-8818-59208B4AC379}.RelWithDebInfo|x64.Build.0 = RelWithDebInfo|x64
		{C8B82FFA-598E-3E43-8818-59208B4AC379}.Release|x64.ActiveCfg = Release|x64
		{C8B82FFA-598E-3E43-8818-59208B4AC379}.Release|x64.Build.0 = Release|x64
		{C8B82FFA-598E-3E43-8818-59208B4AC379}.MinSizeRel|x64.ActiveCfg = MinSizeRel|x64
		{C8B82FFA-598E-3E43-8818-59208B4AC379}.MinSizeRel|x64.Build.0 = MinSizeRel|x64
		{3A3561DD-5965-390A-ABBF-65BEB692720A}.Debug|x64.ActiveCfg = Debug|x64
		{3A3561DD-5965-390A-ABBF-65BEB692720A}.Debug|x64.Build.0 = Debug|x64
		{3A3561DD-5965-390A-ABBF-65BEB692720A}.RelWithDebInfo|x64.ActiveCfg = RelWithDebInfo|x64
		{3A3561DD-5965-390A-ABBF-65BEB692720A}.RelWithDebInfo|x64.Build.0 = RelWithDebInfo|x64
		{3A3561DD-5965-390A-ABBF-65BEB692720A}.Release|x64.ActiveCfg = Release|x64
		{3A3561DD-5965-390A-ABBF-65BEB692720A}.Release|x64.Build.0 = Release|x64
		{3A3561DD-5965-390A-ABBF-65BEB692720A}.MinSizeRel|x64.ActiveCfg = MinSizeRel|x64
		{3A3561DD-5965-390A-ABBF-65BEB692720A}.MinSizeRel|x64.Build.0 = MinSizeRel|x64
		{D76AF676-7EC0-3D4B-B5FC-A46FDB4EDE37}.Debug|x64.ActiveCfg = Debug|x64
		{D76AF676-7EC0-3D4B-B5FC-A46FDB4EDE37}.Debug|x64.Build.0 = Debug|x64
		{D76AF676-7EC0-3D4B-B5FC-A46FDB4EDE37}.RelWithDebInfo|x64.ActiveCfg = RelWithDebInfo|x64
		{D76AF676-7EC0-3D4B-B5FC-A46FDB4EDE37}.RelWithDebInfo|x64.Build.0 = RelWithDebInfo|x64
		{D76AF676-7EC0-3D4B-B5FC-A46FDB4EDE37}.Release|x64.ActiveCfg = Release|x64
		{D76AF676-7EC0-3D4B-B5FC-A46FDB4EDE37}.Release|x64.Build.0 = Release|x64
		{D76AF676-7EC0-3D4B-B5FC-A46FDB4EDE37}.MinSizeRel|x64.ActiveCfg = MinSizeRel|x64
		{D76AF676-7EC0-3D4B-B5FC-A46FDB4EDE37}.MinSizeRel|x64.Build.0 = MinSizeRel|x64
		{E2164501-9089-3A3E-A4C0-00415F6CB8E6}.Debug|x64.ActiveCfg = Debug|x64
		{E2164501-9089-3A3E-A4C0-00415F6CB8E6}.Debug|x64.Build.0 = Debug|x64
		{E2164501-9089-3A3E-A4C0-00415F6CB8E6}.RelWithDebInfo|x64.ActiveCfg = RelWithDebInfo|x64
		{E2164501-9089-3A3E-A4C0-00415F6CB8E6}.RelWithDebInfo|x64.Build.0 = RelWithDebInfo|x64
		{E2164501-9089-3A3E-A4C0-00415F6CB8E6}.Release|x64.ActiveCfg = Release|x64
		{E2164501-9089-3A3E-A4C0-00415F6CB8E6}.Release|x64.Build.0 = Release|x64
		{E2164501-9089-3A3E-A4C0-00415F6CB8E6}.MinSizeRel|x64.ActiveCfg = MinSizeRel|x64
		{E2164501-9089-3A3E-A4C0-00415F6CB8E6}.MinSizeRel|x64.Build.0 = MinSizeRel|x64
		{C81717E6-623C-39F4-A1CD-753557BAE0E0}.Debug|x64.ActiveCfg = Debug|x64
		{C81717E6-623C-39F4-A1CD-753557BAE0E0}.Debug|x64.Build.0 = Debug|x64
		{C81717E6-623C-39F4-A1CD-753557BAE0E0}.RelWithDebInfo|x64.ActiveCfg = RelWithDebInfo|x64
		{C81717E6-623C-39F4-A1CD-753557BAE0E0}.RelWithDebInfo|x64.Build.0 = RelWithDebInfo|x64
		{C81717E6-623C-39F4-A1CD-753557BAE0E0}.Release|x64.ActiveCfg = Release|x64
		{C81717E6-623C-39F4-A1CD-753557BAE0E0}.Release|x64.Build.0 = Release|x64
		{C81717E6-623C-39F4-A1CD-753557BAE0E0}.MinSizeRel|x64.ActiveCfg = MinSizeRel|x64
		{C81717E6-623C-39F4-A1CD-753557BAE0E0}.MinSizeRel|x64.Build.0 = MinSizeRel|x64
		{3D8730EF-42D3-3BF6-BC08-50F9AE715021}.Debug|x64.ActiveCfg = Debug|x64
		{3D8730EF-42D3-3BF6-BC08-50F9AE715021}.Debug|x64.Build.0 = Debug|x64
		{3D8730EF-42D3-3BF6-BC08-50F9AE715021}.RelWithDebInfo|x64.ActiveCfg = RelWithDebInfo|x64
		{3D8730EF-42D3-3BF6-BC08-50F9AE715021}.RelWithDebInfo|x64.Build.0 = RelWithDebInfo|x64
		{3D8730EF-42D3-3BF6-BC08-50F9AE715021}.Release|x64.ActiveCfg = Release|x64
		{3D8730EF-42D3-3BF6-BC08-50F9AE715021}.Release|x64.Build.0 = Release|x64
		{3D8730EF-42D3-3BF6-BC08-50F9AE715021}.MinSizeRel|x64.ActiveCfg = MinSizeRel|x64
		{3D8730EF-42D3-3BF6-BC08-50F9AE715021}.MinSizeRel|x64.Build.0 = MinSizeRel|x64
		{A44C4200-792C-3EF1-A26A-05760E1A8B00}.Debug|x64.ActiveCfg = Debug|x64
		{A44C4200-792C-3EF1-A26A-05760E1A8B00}.Debug|x64.Build.0 = Debug|x64
		{A44C4200-792C-3EF1-A26A-05760E1A8B00}.RelWithDebInfo|x64.ActiveCfg = RelWithDebInfo|x64
		{A44C4200-792C-3EF1-A26A-05760E1A8B00}.RelWithDebInfo|x64.Build.0 = RelWithDebInfo|x64
		{A44C4200-792C-3EF1-A26A-05760E1A8B00}.Release|x64.ActiveCfg = Release|x64
		{A44C4200-792C-3EF1-A26A-05760E1A8B00}.Release|x64.Build.0 = Release|x64
		{A44C4200-792C-3EF1-A26A-05760E1A8B00}.MinSizeRel|x64.ActiveCfg = MinSizeRel|x64
		{A44C4200-792C-3EF1-A26A-05760E1A8B00}.MinSizeRel|x64.Build.0 = MinSizeRel|x64
		{F0BA7C1F-C7A3-35B5-8ED9-5339BDE3841C}.Debug|x64.ActiveCfg = Debug|x64
		{F0BA7C1F-C7A3-35B5-8ED9-5339BDE3841C}.Debug|x64.Build.0 = Debug|x64
		{F0BA7C1F-C7A3-35B5-8ED9-5339BDE3841C}.RelWithDebInfo|x64.ActiveCfg = RelWithDebInfo|x64
		{F0BA7C1F-C7A3-35B5-8ED9-5339BDE3841C}.RelWithDebInfo|x64.Build.0 = RelWithDebInfo|x64
		{F0BA7C1F-C7A3-35B5-8ED9-5339BDE3841C}.Release|x64.ActiveCfg = Release|x64
		{F0BA7C1F-C7A3-35B5-8ED9-5339BDE3841C}.Release|x64.Build.0 = Release|x64
		{F0BA7C1F-C7A3-35B5-8ED9-5339BDE3841C}.MinSizeRel|x64.ActiveCfg = MinSizeRel|x64
		{F0BA7C1F-C7A3-35B5-8ED9-5339BDE3841C}.MinSizeRel|x64.Build.0 = MinSizeRel|x64
		{87985D28-31B9-38AD-8C87-248C5133B575}.Debug|x64.ActiveCfg = Debug|x64
		{87985D28-31B9-38AD-8C87-248C5133B575}.Debug|x64.Build.0 = Debug|x64
		{87985D28-31B9-38AD-8C87-248C5133B575}.RelWithDebInfo|x64.ActiveCfg = RelWithDebInfo|x64
		{87985D28-31B9-38AD-8C87-248C5133B575}.RelWithDebInfo|x64.Build.0 = RelWithDebInfo|x64
		{87985D28-31B9-38AD-8C87-248C5133B575}.Release|x64.ActiveCfg = Release|x64
		{87985D28-31B9-38AD-8C87-248C5133B575}.Release|x64.Build.0 = Release|x64
		{87985D28-31B9-38AD-8C87-248C5133B575}.MinSizeRel|x64.ActiveCfg = MinSizeRel|x64
		{87985D28-31B9-38AD-8C87-248C5133B575}.MinSizeRel|x64.Build.0 = MinSizeRel|x64
		{A80F9AFE-F47F-3C6C-A986-B75C83644144}.Debug|x64.ActiveCfg = Debug|x64
		{A80F9AFE-F47F-3C6C-A986-B75C83644144}.Debug|x64.Build.0 = Debug|x64
		{A80F9AFE-F47F-3C6C-A986-B75C83644144}.RelWithDebInfo|x64.ActiveCfg = RelWithDebInfo|x64
		{A80F9AFE-F47F-3C6C-A986-B75C83644144}.RelWithDebInfo|x64.Build.0 = RelWithDebInfo|x64
		{A80F9AFE-F47F-3C6C-A986-B75C83644144}.Release|x64.ActiveCfg = Release|x64
		{A80F9AFE-F47F-3C6C-A986-B75C83644144}.Release|x64.Build.0 = Release|x64
		{A80F9AFE-F47F-3C6C-A986-B75C83644144}.MinSizeRel|x64.ActiveCfg = MinSizeRel|x64
		{A80F9AFE-F47F-3C6C-A986-B75C83644144}.MinSizeRel|x64.Build.0 = MinSizeRel|x64
	EndGlobalSection
	GlobalSection(NestedProjects) = preSolution
		{9F5D2796-D2A8-3655-AC10-82354466BEEE} = {2C5F1874-D64B-33B9-A1BC-792CFC89FB96}
		{A80F9AFE-F47F-3C6C-A986-B75C83644144} = {2C5F1874-D64B-33B9-A1BC-792CFC89FB96}
	EndGlobalSection
	GlobalSection(ExtensibilityGlobals) = postSolution
		SolutionGuid = {F2EE9903-5D98-3275-BA3C-6C436D890F62}
	EndGlobalSection
	GlobalSection(ExtensibilityAddIns) = postSolution
	EndGlobalSection
EndGlobal
