<?xml version="1.0" encoding="utf-8"?>
<Project ToolsVersion="17.0" xmlns="http://schemas.microsoft.com/developer/msbuild/2003">
  <ItemGroup>
    <CustomBuild Include="C:\Users\leeho\OneDrive\문서\GitHub\Frogman-Engine\SDK\Core\Tests\Unit-Tests\Solution\CMakeFiles\c755e728530a9fb9d0e9828a5835896b\generate.stamp.rule">
      <Filter>CMake Rules</Filter>
    </CustomBuild>
  </ItemGroup>
  <ItemGroup>
    <Filter Include="CMake Rules">
      <UniqueIdentifier>{3C81D5C6-CE43-3BA2-BF40-FE13B23E5A35}</UniqueIdentifier>
    </Filter>
  </ItemGroup>
</Project>
